
Microsoft Visual Studio Solution File, Format Version 12.00
# Visual Studio Version 16
VisualStudioVersion = 16.0.32002.261
MinimumVisualStudioVersion = 10.0.40219.1
Project("{FAE04EC0-301F-11D3-BF4B-00C04F79EFBC}") = "DriveBCPOM", "DriveBCPOM.csproj", "{BDFEF144-D5E7-4CF8-9C1F-14F9344E6BC8}"
EndProject
Project("{FAE04EC0-301F-11D3-BF4B-00C04F79EFBC}") = "POMTests", "..\POMTests\POMTests.csproj", "{206ACFB6-271D-4D17-8A4E-F225C88DDD14}"
EndProject
Global
	GlobalSection(SolutionConfigurationPlatforms) = preSolution
		Debug|Any CPU = Debug|Any CPU
		Release|Any CPU = Release|Any CPU
	EndGlobalSection
	GlobalSection(ProjectConfigurationPlatforms) = postSolution
		{BDFEF144-D5E7-4CF8-9C1F-14F9344E6BC8}.Debug|Any CPU.ActiveCfg = Debug|Any CPU
		{BDFEF144-D5E7-4CF8-9C1F-14F9344E6BC8}.Debug|Any CPU.Build.0 = Debug|Any CPU
		{BDFEF144-D5E7-4CF8-9C1F-14F9344E6BC8}.Release|Any CPU.ActiveCfg = Release|Any CPU
		{BDFEF144-D5E7-4CF8-9C1F-14F9344E6BC8}.Release|Any CPU.Build.0 = Release|Any CPU
		{206ACFB6-271D-4D17-8A4E-F225C88DDD14}.Debug|Any CPU.ActiveCfg = Debug|Any CPU
		{206ACFB6-271D-4D17-8A4E-F225C88DDD14}.Debug|Any CPU.Build.0 = Debug|Any CPU
		{206ACFB6-271D-4D17-8A4E-F225C88DDD14}.Release|Any CPU.ActiveCfg = Release|Any CPU
		{206ACFB6-271D-4D17-8A4E-F225C88DDD14}.Release|Any CPU.Build.0 = Release|Any CPU
	EndGlobalSection
	GlobalSection(SolutionProperties) = preSolution
		HideSolutionNode = FALSE
	EndGlobalSection
	GlobalSection(ExtensibilityGlobals) = postSolution
		SolutionGuid = {42A2AF79-CBFC-47B4-ACEF-7199DEBD219F}
	EndGlobalSection
EndGlobal
